// !$*UTF8*$!
{
	archiveVersion = 1;
	classes = {
	};
	objectVersion = 46;
	objects = {

/* Begin PBXBuildFile section */
		FE3615061DAAF8830036197E /* AppDelegate.swift in Sources */ = {isa = PBXBuildFile; fileRef = FE3615051DAAF8830036197E /* AppDelegate.swift */; };
		FE3615081DAAF8830036197E /* ViewController.swift in Sources */ = {isa = PBXBuildFile; fileRef = FE3615071DAAF8830036197E /* ViewController.swift */; };
		FE36150B1DAAF8830036197E /* Main.storyboard in Resources */ = {isa = PBXBuildFile; fileRef = FE3615091DAAF8830036197E /* Main.storyboard */; };
		FE36150D1DAAF8830036197E /* Assets.xcassets in Resources */ = {isa = PBXBuildFile; fileRef = FE36150C1DAAF8830036197E /* Assets.xcassets */; };
		FE3615101DAAF8830036197E /* LaunchScreen.storyboard in Resources */ = {isa = PBXBuildFile; fileRef = FE36150E1DAAF8830036197E /* LaunchScreen.storyboard */; };
		FE683A5E1DADEB510042EB3D /* Helper.swift in Sources */ = {isa = PBXBuildFile; fileRef = FE683A5D1DADEB510042EB3D /* Helper.swift */; };
/* End PBXBuildFile section */

/* Begin PBXFileReference section */
		FE3615021DAAF8830036197E /* My_Adventure.app */ = {isa = PBXFileReference; explicitFileType = wrapper.application; includeInIndex = 0; path = My_Adventure.app; sourceTree = BUILT_PRODUCTS_DIR; };
		FE3615051DAAF8830036197E /* AppDelegate.swift */ = {isa = PBXFileReference; lastKnownFileType = sourcecode.swift; path = AppDelegate.swift; sourceTree = "<group>"; };
		FE3615071DAAF8830036197E /* ViewController.swift */ = {isa = PBXFileReference; lastKnownFileType = sourcecode.swift; path = ViewController.swift; sourceTree = "<group>"; };
		FE36150A1DAAF8830036197E /* Base */ = {isa = PBXFileReference; lastKnownFileType = file.storyboard; name = Base; path = Base.lproj/Main.storyboard; sourceTree = "<group>"; };
		FE36150C1DAAF8830036197E /* Assets.xcassets */ = {isa = PBXFileReference; lastKnownFileType = folder.assetcatalog; path = Assets.xcassets; sourceTree = "<group>"; };
		FE36150F1DAAF8830036197E /* Base */ = {isa = PBXFileReference; lastKnownFileType = file.storyboard; name = Base; path = Base.lproj/LaunchScreen.storyboard; sourceTree = "<group>"; };
		FE3615111DAAF8830036197E /* Info.plist */ = {isa = PBXFileReference; lastKnownFileType = text.plist.xml; path = Info.plist; sourceTree = "<group>"; };
		FE683A5D1DADEB510042EB3D /* Helper.swift */ = {isa = PBXFileReference; fileEncoding = 4; lastKnownFileType = sourcecode.swift; path = Helper.swift; sourceTree = "<group>"; };
/* End PBXFileReference section */

/* Begin PBXFrameworksBuildPhase section */
		FE3614FF1DAAF8830036197E /* Frameworks */ = {
			isa = PBXFrameworksBuildPhase;
			buildActionMask = 2147483647;
			files = (
			);
			runOnlyForDeploymentPostprocessing = 0;
		};
/* End PBXFrameworksBuildPhase section */

/* Begin PBXGroup section */
		FE3614F91DAAF8830036197E = {
			isa = PBXGroup;
			children = (
				FE3615041DAAF8830036197E /* My_Adventure */,
				FE3615031DAAF8830036197E /* Products */,
			);
			sourceTree = "<group>";
		};
		FE3615031DAAF8830036197E /* Products */ = {
			isa = PBXGroup;
			children = (
				FE3615021DAAF8830036197E /* My_Adventure.app */,
			);
			name = Products;
			sourceTree = "<group>";
		};
		FE3615041DAAF8830036197E /* My_Adventure */ = {
			isa = PBXGroup;
			children = (
				FE3615071DAAF8830036197E /* ViewController.swift */,
				FE683A5D1DADEB510042EB3D /* Helper.swift */,
				FE3615091DAAF8830036197E /* Main.storyboard */,
				FE36150C1DAAF8830036197E /* Assets.xcassets */,
				FE3615051DAAF8830036197E /* AppDelegate.swift */,
				FE36150E1DAAF8830036197E /* LaunchScreen.storyboard */,
				FE3615111DAAF8830036197E /* Info.plist */,
			);
			path = My_Adventure;
			sourceTree = "<group>";
		};
/* End PBXGroup section */

/* Begin PBXNativeTarget section */
		FE3615011DAAF8830036197E /* My_Adventure */ = {
			isa = PBXNativeTarget;
			buildConfigurationList = FE3615141DAAF8830036197E /* Build configuration list for PBXNativeTarget "My_Adventure" */;
			buildPhases = (
				FE3614FE1DAAF8830036197E /* Sources */,
				FE3614FF1DAAF8830036197E /* Frameworks */,
				FE3615001DAAF8830036197E /* Resources */,
			);
			buildRules = (
			);
			dependencies = (
			);
			name = My_Adventure;
			productName = My_Adventure;
			productReference = FE3615021DAAF8830036197E /* My_Adventure.app */;
			productType = "com.apple.product-type.application";
		};
/* End PBXNativeTarget section */

/* Begin PBXProject section */
		FE3614FA1DAAF8830036197E /* Project object */ = {
			isa = PBXProject;
			attributes = {
				LastSwiftUpdateCheck = 0800;
				LastUpgradeCheck = 0800;
				ORGANIZATIONNAME = "Tatyana Martynyuk";
				TargetAttributes = {
					FE3615011DAAF8830036197E = {
						CreatedOnToolsVersion = 8.0;
						ProvisioningStyle = Automatic;
					};
				};
			};
			buildConfigurationList = FE3614FD1DAAF8830036197E /* Build configuration list for PBXProject "My_Adventure" */;
			compatibilityVersion = "Xcode 3.2";
			developmentRegion = English;
			hasScannedForEncodings = 0;
			knownRegions = (
				en,
				Base,
			);
			mainGroup = FE3614F91DAAF8830036197E;
			productRefGroup = FE3615031DAAF8830036197E /* Products */;
			projectDirPath = "";
			projectRoot = "";
			targets = (
				FE3615011DAAF8830036197E /* My_Adventure */,
			);
		};
/* End PBXProject section */

/* Begin PBXResourcesBuildPhase section */
		FE3615001DAAF8830036197E /* Resources */ = {
			isa = PBXResourcesBuildPhase;
			buildActionMask = 2147483647;
			files = (
				FE3615101DAAF8830036197E /* LaunchScreen.storyboard in Resources */,
				FE36150D1DAAF8830036197E /* Assets.xcassets in Resources */,
				FE36150B1DAAF8830036197E /* Main.storyboard in Resources */,
			);
			runOnlyForDeploymentPostprocessing = 0;
		};
/* End PBXResourcesBuildPhase section */

/* Begin PBXSourcesBuildPhase section */
		FE3614FE1DAAF8830036197E /* Sources */ = {
			isa = PBXSourcesBuildPhase;
			buildActionMask = 2147483647;
			files = (
				FE3615081DAAF8830036197E /* ViewController.swift in Sources */,
				FE3615061DAAF8830036197E /* AppDelegate.swift in Sources */,
				FE683A5E1DADEB510042EB3D /* Helper.swift in Sources */,
			);
			runOnlyForDeploymentPostprocessing = 0;
		};
/* End PBXSourcesBuildPhase section */

/* Begin PBXVariantGroup section */
		FE3615091DAAF8830036197E /* Main.storyboard */ = {
			isa = PBXVariantGroup;
			children = (
				FE36150A1DAAF8830036197E /* Base */,
			);
			name = Main.storyboard;
			sourceTree = "<group>";
		};
		FE36150E1DAAF8830036197E /* LaunchScreen.storyboard */ = {
			isa = PBXVariantGroup;
			children = (
				FE36150F1DAAF8830036197E /* Base */,
			);
			name = LaunchScreen.storyboard;
			sourceTree = "<group>";
		};
/* End PBXVariantGroup section */

/* Begin XCBuildConfiguration section */
		FE3615121DAAF8830036197E /* Debug */ = {
			isa = XCBuildConfiguration;
			buildSettings = {
				ALWAYS_SEARCH_USER_PATHS = NO;
				CLANG_ANALYZER_NONNULL = YES;
				CLANG_CXX_LANGUAGE_STANDARD = "gnu++0x";
				CLANG_CXX_LIBRARY = "libc++";
				CLANG_ENABLE_MODULES = YES;
				CLANG_ENABLE_OBJC_ARC = YES;
				CLANG_WARN_BOOL_CONVERSION = YES;
				CLANG_WARN_CONSTANT_CONVERSION = YES;
				CLANG_WARN_DIRECT_OBJC_ISA_USAGE = YES_ERROR;
				CLANG_WARN_DOCUMENTATION_COMMENTS = YES;
				CLANG_WARN_EMPTY_BODY = YES;
				CLANG_WARN_ENUM_CONVERSION = YES;
				CLANG_WARN_INFINITE_RECURSION = YES;
				CLANG_WARN_INT_CONVERSION = YES;
				CLANG_WARN_OBJC_ROOT_CLASS = YES_ERROR;
				CLANG_WARN_SUSPICIOUS_MOVES = YES;
				CLANG_WARN_UNREACHABLE_CODE = YES;
				CLANG_WARN__DUPLICATE_METHOD_MATCH = YES;
				"CODE_SIGN_IDENTITY[sdk=iphoneos*]" = "iPhone Developer";
				COPY_PHASE_STRIP = NO;
				DEBUG_INFORMATION_FORMAT = dwarf;
				ENABLE_STRICT_OBJC_MSGSEND = YES;
				ENABLE_TESTABILITY = YES;
				GCC_C_LANGUAGE_STANDARD = gnu99;
				GCC_DYNAMIC_NO_PIC = NO;
				GCC_NO_COMMON_BLOCKS = YES;
				GCC_OPTIMIZATION_LEVEL = 0;
				GCC_PREPROCESSOR_DEFINITIONS = (
					"DEBUG=1",
					"$(inherited)",
				);
				GCC_WARN_64_TO_32_BIT_CONVERSION = YES;
				GCC_WARN_ABOUT_RETURN_TYPE = YES_ERROR;
				GCC_WARN_UNDECLARED_SELECTOR = YES;
				GCC_WARN_UNINITIALIZED_AUTOS = YES_AGGRESSIVE;
				GCC_WARN_UNUSED_FUNCTION = YES;
				GCC_WARN_UNUSED_VARIABLE = YES;
				IPHONEOS_DEPLOYMENT_TARGET = 10.0;
				MTL_ENABLE_DEBUG_INFO = YES;
				ONLY_ACTIVE_ARCH = YES;
				SDKROOT = iphoneos;
				SWIFT_ACTIVE_COMPILATION_CONDITIONS = DEBUG;
				SWIFT_OPTIMIZATION_LEVEL = "-Onone";
			};
			name = Debug;
		};
		FE3615131DAAF8830036197E /* Release */ = {
			isa = XCBuildConfiguration;
			buildSettings = {
				ALWAYS_SEARCH_USER_PATHS = NO;
				CLANG_ANALYZER_NONNULL = YES;
				CLANG_CXX_LANGUAGE_STANDARD = "gnu++0x";
				CLANG_CXX_LIBRARY = "libc++";
				CLANG_ENABLE_MODULES = YES;
				CLANG_ENABLE_OBJC_ARC = YES;
				CLANG_WARN_BOOL_CONVERSION = YES;
				CLANG_WARN_CONSTANT_CONVERSION = YES;
				CLANG_WARN_DIRECT_OBJC_ISA_USAGE = YES_ERROR;
				CLANG_WARN_DOCUMENTATION_COMMENTS = YES;
				CLANG_WARN_EMPTY_BODY = YES;
				CLANG_WARN_ENUM_CONVERSION = YES;
				CLANG_WARN_INFINITE_RECURSION = YES;
				CLANG_WARN_INT_CONVERSION = YES;
				CLANG_WARN_OBJC_ROOT_CLASS = YES_ERROR;
				CLANG_WARN_SUSPICIOUS_MOVES = YES;
				CLANG_WARN_UNREACHABLE_CODE = YES;
				CLANG_WARN__DUPLICATE_METHOD_MATCH = YES;
				"CODE_SIGN_IDENTITY[sdk=iphoneos*]" = "iPhone Developer";
				COPY_PHASE_STRIP = NO;
				DEBUG_INFORMATION_FORMAT = "dwarf-with-dsym";
				ENABLE_NS_ASSERTIONS = NO;
				ENABLE_STRICT_OBJC_MSGSEND = YES;
				GCC_C_LANGUAGE_STANDARD = gnu99;
				GCC_NO_COMMON_BLOCKS = YES;
				GCC_WARN_64_TO_32_BIT_CONVERSION = YES;
				GCC_WARN_ABOUT_RETURN_TYPE = YES_ERROR;
				GCC_WARN_UNDECLARED_SELECTOR = YES;
				GCC_WARN_UNINITIALIZED_AUTOS = YES_AGGRESSIVE;
				GCC_WARN_UNUSED_FUNCTION = YES;
				GCC_WARN_UNUSED_VARIABLE = YES;
				IPHONEOS_DEPLOYMENT_TARGET = 10.0;
				MTL_ENABLE_DEBUG_INFO = NO;
				SDKROOT = iphoneos;
				SWIFT_OPTIMIZATION_LEVEL = "-Owholemodule";
				VALIDATE_PRODUCT = YES;
			};
			name = Release;
		};
		FE3615151DAAF8830036197E /* Debug */ = {
			isa = XCBuildConfiguration;
			buildSettings = {
				ASSETCATALOG_COMPILER_APPICON_NAME = AppIcon;
				INFOPLIST_FILE = My_Adventure/Info.plist;
				LD_RUNPATH_SEARCH_PATHS = "$(inherited) @executable_path/Frameworks";
				PRODUCT_BUNDLE_IDENTIFIER = "ccsf.My-Adventure";
				PRODUCT_NAME = "$(TARGET_NAME)";
				SWIFT_VERSION = 3.0;
			};
			name = Debug;
		};
		FE3615161DAAF8830036197E /* Release */ = {
			isa = XCBuildConfiguration;
			buildSettings = {
				ASSETCATALOG_COMPILER_APPICON_NAME = AppIcon;
				INFOPLIST_FILE = My_Adventure/Info.plist;
				LD_RUNPATH_SEARCH_PATHS = "$(inherited) @executable_path/Frameworks";
				PRODUCT_BUNDLE_IDENTIFIER = "ccsf.My-Adventure";
				PRODUCT_NAME = "$(TARGET_NAME)";
				SWIFT_VERSION = 3.0;
			};
			name = Release;
		};
/* End XCBuildConfiguration section */

/* Begin XCConfigurationList section */
		FE3614FD1DAAF8830036197E /* Build configuration list for PBXProject "My_Adventure" */ = {
			isa = XCConfigurationList;
			buildConfigurations = (
				FE3615121DAAF8830036197E /* Debug */,
				FE3615131DAAF8830036197E /* Release */,
			);
			defaultConfigurationIsVisible = 0;
			defaultConfigurationName = Release;
		};
		FE3615141DAAF8830036197E /* Build configuration list for PBXNativeTarget "My_Adventure" */ = {
			isa = XCConfigurationList;
			buildConfigurations = (
				FE3615151DAAF8830036197E /* Debug */,
				FE3615161DAAF8830036197E /* Release */,
			);
			defaultConfigurationIsVisible = 0;
			defaultConfigurationName = Release;
		};
/* End XCConfigurationList section */
	};
	rootObject = FE3614FA1DAAF8830036197E /* Project object */;
}
